
Microsoft Visual Studio Solution File, Format Version 12.00
# Visual Studio Version 17
VisualStudioVersion = 17.1.32407.343
MinimumVisualStudioVersion = 10.0.40219.1
Project("{2150E333-8FDC-42A3-9474-1A3956D46DE8}") = "src", "src", "{B9594036-DF8E-456D-A7AB-5324CA8A08CB}"
EndProject
Project("{2150E333-8FDC-42A3-9474-1A3956D46DE8}") = "Adapters", "Adapters", "{3739BD7C-9450-49C8-996E-BDC4FA8EEFA6}"
EndProject
Project("{2150E333-8FDC-42A3-9474-1A3956D46DE8}") = "Application", "Application", "{92945016-2B86-4962-BCF4-BAA003A575E5}"
EndProject
Project("{2150E333-8FDC-42A3-9474-1A3956D46DE8}") = "Solution Items", "Solution Items", "{A1649642-C5F2-4DFE-B655-DADB6A096642}"
	ProjectSection(SolutionItems) = preProject
		.editorconfig = .editorconfig
		..\README.md = ..\README.md
	EndProjectSection
EndProject
Project("{2150E333-8FDC-42A3-9474-1A3956D46DE8}") = "Tests", "Tests", "{CCD5DF6D-ACF5-4ECF-A996-189046E57CB7}"
EndProject
Project("{9A19103F-16F7-4668-BE54-9A1E7A4F7556}") = "Uow.Api.Tests", "src\Tests\Uow.Api.Tests\Uow.Api.Tests.csproj", "{007DEFB0-532C-4B7A-9367-DE9D481B4141}"
EndProject
Project("{9A19103F-16F7-4668-BE54-9A1E7A4F7556}") = "Uow.Tests.Common", "src\Tests\Uow.Tests.Common\Uow.Tests.Common.csproj", "{95AE0AC1-2C10-4704-996B-2D0353A09627}"
EndProject
Project("{9A19103F-16F7-4668-BE54-9A1E7A4F7556}") = "Uow.Domain", "src\Application\Uow.Domain\Uow.Domain.csproj", "{4BA45AD1-2EF1-4FF4-889E-04D01ECB3211}"
EndProject
Project("{9A19103F-16F7-4668-BE54-9A1E7A4F7556}") = "Uow.PrimaryPorts", "src\Application\Uow.PrimaryPorts\Uow.PrimaryPorts.csproj", "{48AEA30E-EB85-495F-8A58-667CCE62DC19}"
EndProject
Project("{9A19103F-16F7-4668-BE54-9A1E7A4F7556}") = "Uow.SecondaryPorts", "src\Application\Uow.SecondaryPorts\Uow.SecondaryPorts.csproj", "{5DAE098A-C497-4BD0-B136-6F908B02AD13}"
EndProject
Project("{9A19103F-16F7-4668-BE54-9A1E7A4F7556}") = "Uow.ApplicationServices", "src\Application\Uow.ApplicationServices\Uow.ApplicationServices.csproj", "{B304323D-00BB-4597-9A75-DF9E30CDC9B0}"
EndProject
Project("{9A19103F-16F7-4668-BE54-9A1E7A4F7556}") = "Uow.Application.Bootstrap", "src\Application\Uow.Application.Bootstrap\Uow.Application.Bootstrap.csproj", "{750CFEC1-27A2-4FEA-8BE4-5643E504D31B}"
EndProject
Project("{2150E333-8FDC-42A3-9474-1A3956D46DE8}") = "Primary", "Primary", "{72D4344D-8B99-4DD2-A12D-2ACCD6343901}"
EndProject
Project("{2150E333-8FDC-42A3-9474-1A3956D46DE8}") = "Secondary", "Secondary", "{A073047D-3BED-4C9E-A831-2D4442DE5F25}"
EndProject
Project("{9A19103F-16F7-4668-BE54-9A1E7A4F7556}") = "Uow.Data", "src\Adapters\Uow.Data\Uow.Data.csproj", "{22037AAA-DFCC-409D-95BC-D2EE3696E5FB}"
EndProject
Project("{9A19103F-16F7-4668-BE54-9A1E7A4F7556}") = "Uow.API", "src\Adapters\Uow.API\Uow.API.csproj", "{1BEC3DC2-EF93-460D-AAEE-D7D6B353BA38}"
EndProject
Project("{2150E333-8FDC-42A3-9474-1A3956D46DE8}") = "Sdk", "Sdk", "{6E681B0F-DA8D-45E3-975C-07E69F57D92E}"
EndProject
Project("{2150E333-8FDC-42A3-9474-1A3956D46DE8}") = "Application", "Application", "{40FC68A2-4E07-46FE-AB90-71B2107D7AA0}"
EndProject
Project("{2150E333-8FDC-42A3-9474-1A3956D46DE8}") = "Adapters", "Adapters", "{78F4F219-6029-4448-9ADB-7948EC83CF9B}"
EndProject
Project("{2150E333-8FDC-42A3-9474-1A3956D46DE8}") = "Secondary", "Secondary", "{2A3A26E1-3EF5-403C-9D9E-DF944CF6EB95}"
EndProject
Project("{9A19103F-16F7-4668-BE54-9A1E7A4F7556}") = "Uow.Sdk.SecondaryAdapters", "src\Sdk\Adapters\Uow.Sdk.SecondaryAdapters\Uow.Sdk.SecondaryAdapters.csproj", "{59961161-035A-4B9B-A6D6-D37140A350E7}"
EndProject
Project("{9A19103F-16F7-4668-BE54-9A1E7A4F7556}") = "Uow.Sdk.SecondaryPorts", "src\Sdk\Application\Uow.Sdk.SecondaryPorts\Uow.Sdk.SecondaryPorts.csproj", "{318E9365-EF02-4CA7-B81A-347F11DDFABD}"
EndProject
Project("{9A19103F-16F7-4668-BE54-9A1E7A4F7556}") = "Uow.Sdk.PrimaryPorts", "src\Sdk\Application\Uow.Sdk.PrimaryPorts\Uow.Sdk.PrimaryPorts.csproj", "{35DB88A0-7DDD-4D80-82F8-C77E7FCEEF8C}"
EndProject
Project("{2150E333-8FDC-42A3-9474-1A3956D46DE8}") = "Primary", "Primary", "{C8A3F343-E3DD-46C1-AC6A-FA24B362189D}"
EndProject
Project("{9A19103F-16F7-4668-BE54-9A1E7A4F7556}") = "Uow.Skd.PrimaryAdapters", "src\Sdk\Adapters\Uow.Skd.PrimaryAdapters\Uow.Skd.PrimaryAdapters.csproj", "{662F7C23-C621-4CFE-BAE3-9D5C10BF7A47}"
EndProject
Project("{2150E333-8FDC-42A3-9474-1A3956D46DE8}") = "Uow", "Uow", "{B88AA9B9-2140-40D8-80B3-CFDFC7093564}"
EndProject
Project("{9A19103F-16F7-4668-BE54-9A1E7A4F7556}") = "Uow.Sdk.ApplicationServices", "src\Sdk\Application\Uow.Sdk.ApplicationServices\Uow.Sdk.ApplicationServices.csproj", "{EE4A708B-24CE-4442-9E60-E51004191C36}"
EndProject
Project("{FAE04EC0-301F-11D3-BF4B-00C04F79EFBC}") = "Uow.Domain.Tests", "src\Tests\Uow.Domain.Tests\Uow.Domain.Tests.csproj", "{C42FDC10-84F8-4660-B759-1DA6777F3BBA}"
EndProject
Global
	GlobalSection(SolutionConfigurationPlatforms) = preSolution
		Debug|Any CPU = Debug|Any CPU
		Release|Any CPU = Release|Any CPU
	EndGlobalSection
	GlobalSection(ProjectConfigurationPlatforms) = postSolution
		{007DEFB0-532C-4B7A-9367-DE9D481B4141}.Debug|Any CPU.ActiveCfg = Debug|Any CPU
		{007DEFB0-532C-4B7A-9367-DE9D481B4141}.Debug|Any CPU.Build.0 = Debug|Any CPU
		{007DEFB0-532C-4B7A-9367-DE9D481B4141}.Release|Any CPU.ActiveCfg = Release|Any CPU
		{007DEFB0-532C-4B7A-9367-DE9D481B4141}.Release|Any CPU.Build.0 = Release|Any CPU
		{95AE0AC1-2C10-4704-996B-2D0353A09627}.Debug|Any CPU.ActiveCfg = Debug|Any CPU
		{95AE0AC1-2C10-4704-996B-2D0353A09627}.Debug|Any CPU.Build.0 = Debug|Any CPU
		{95AE0AC1-2C10-4704-996B-2D0353A09627}.Release|Any CPU.ActiveCfg = Release|Any CPU
		{95AE0AC1-2C10-4704-996B-2D0353A09627}.Release|Any CPU.Build.0 = Release|Any CPU
		{4BA45AD1-2EF1-4FF4-889E-04D01ECB3211}.Debug|Any CPU.ActiveCfg = Debug|Any CPU
		{4BA45AD1-2EF1-4FF4-889E-04D01ECB3211}.Debug|Any CPU.Build.0 = Debug|Any CPU
		{4BA45AD1-2EF1-4FF4-889E-04D01ECB3211}.Release|Any CPU.ActiveCfg = Release|Any CPU
		{4BA45AD1-2EF1-4FF4-889E-04D01ECB3211}.Release|Any CPU.Build.0 = Release|Any CPU
		{48AEA30E-EB85-495F-8A58-667CCE62DC19}.Debug|Any CPU.ActiveCfg = Debug|Any CPU
		{48AEA30E-EB85-495F-8A58-667CCE62DC19}.Debug|Any CPU.Build.0 = Debug|Any CPU
		{48AEA30E-EB85-495F-8A58-667CCE62DC19}.Release|Any CPU.ActiveCfg = Release|Any CPU
		{48AEA30E-EB85-495F-8A58-667CCE62DC19}.Release|Any CPU.Build.0 = Release|Any CPU
		{5DAE098A-C497-4BD0-B136-6F908B02AD13}.Debug|Any CPU.ActiveCfg = Debug|Any CPU
		{5DAE098A-C497-4BD0-B136-6F908B02AD13}.Debug|Any CPU.Build.0 = Debug|Any CPU
		{5DAE098A-C497-4BD0-B136-6F908B02AD13}.Release|Any CPU.ActiveCfg = Release|Any CPU
		{5DAE098A-C497-4BD0-B136-6F908B02AD13}.Release|Any CPU.Build.0 = Release|Any CPU
		{B304323D-00BB-4597-9A75-DF9E30CDC9B0}.Debug|Any CPU.ActiveCfg = Debug|Any CPU
		{B304323D-00BB-4597-9A75-DF9E30CDC9B0}.Debug|Any CPU.Build.0 = Debug|Any CPU
		{B304323D-00BB-4597-9A75-DF9E30CDC9B0}.Release|Any CPU.ActiveCfg = Release|Any CPU
		{B304323D-00BB-4597-9A75-DF9E30CDC9B0}.Release|Any CPU.Build.0 = Release|Any CPU
		{750CFEC1-27A2-4FEA-8BE4-5643E504D31B}.Debug|Any CPU.ActiveCfg = Debug|Any CPU
		{750CFEC1-27A2-4FEA-8BE4-5643E504D31B}.Debug|Any CPU.Build.0 = Debug|Any CPU
		{750CFEC1-27A2-4FEA-8BE4-5643E504D31B}.Release|Any CPU.ActiveCfg = Release|Any CPU
		{750CFEC1-27A2-4FEA-8BE4-5643E504D31B}.Release|Any CPU.Build.0 = Release|Any CPU
		{22037AAA-DFCC-409D-95BC-D2EE3696E5FB}.Debug|Any CPU.ActiveCfg = Debug|Any CPU
		{22037AAA-DFCC-409D-95BC-D2EE3696E5FB}.Debug|Any CPU.Build.0 = Debug|Any CPU
		{22037AAA-DFCC-409D-95BC-D2EE3696E5FB}.Release|Any CPU.ActiveCfg = Release|Any CPU
		{22037AAA-DFCC-409D-95BC-D2EE3696E5FB}.Release|Any CPU.Build.0 = Release|Any CPU
		{1BEC3DC2-EF93-460D-AAEE-D7D6B353BA38}.Debug|Any CPU.ActiveCfg = Debug|Any CPU
		{1BEC3DC2-EF93-460D-AAEE-D7D6B353BA38}.Debug|Any CPU.Build.0 = Debug|Any CPU
		{1BEC3DC2-EF93-460D-AAEE-D7D6B353BA38}.Release|Any CPU.ActiveCfg = Release|Any CPU
		{1BEC3DC2-EF93-460D-AAEE-D7D6B353BA38}.Release|Any CPU.Build.0 = Release|Any CPU
		{59961161-035A-4B9B-A6D6-D37140A350E7}.Debug|Any CPU.ActiveCfg = Debug|Any CPU
		{59961161-035A-4B9B-A6D6-D37140A350E7}.Debug|Any CPU.Build.0 = Debug|Any CPU
		{59961161-035A-4B9B-A6D6-D37140A350E7}.Release|Any CPU.ActiveCfg = Release|Any CPU
		{59961161-035A-4B9B-A6D6-D37140A350E7}.Release|Any CPU.Build.0 = Release|Any CPU
		{318E9365-EF02-4CA7-B81A-347F11DDFABD}.Debug|Any CPU.ActiveCfg = Debug|Any CPU
		{318E9365-EF02-4CA7-B81A-347F11DDFABD}.Debug|Any CPU.Build.0 = Debug|Any CPU
		{318E9365-EF02-4CA7-B81A-347F11DDFABD}.Release|Any CPU.ActiveCfg = Release|Any CPU
		{318E9365-EF02-4CA7-B81A-347F11DDFABD}.Release|Any CPU.Build.0 = Release|Any CPU
		{35DB88A0-7DDD-4D80-82F8-C77E7FCEEF8C}.Debug|Any CPU.ActiveCfg = Debug|Any CPU
		{35DB88A0-7DDD-4D80-82F8-C77E7FCEEF8C}.Debug|Any CPU.Build.0 = Debug|Any CPU
		{35DB88A0-7DDD-4D80-82F8-C77E7FCEEF8C}.Release|Any CPU.ActiveCfg = Release|Any CPU
		{35DB88A0-7DDD-4D80-82F8-C77E7FCEEF8C}.Release|Any CPU.Build.0 = Release|Any CPU
		{662F7C23-C621-4CFE-BAE3-9D5C10BF7A47}.Debug|Any CPU.ActiveCfg = Debug|Any CPU
		{662F7C23-C621-4CFE-BAE3-9D5C10BF7A47}.Debug|Any CPU.Build.0 = Debug|Any CPU
		{662F7C23-C621-4CFE-BAE3-9D5C10BF7A47}.Release|Any CPU.ActiveCfg = Release|Any CPU
		{662F7C23-C621-4CFE-BAE3-9D5C10BF7A47}.Release|Any CPU.Build.0 = Release|Any CPU
		{EE4A708B-24CE-4442-9E60-E51004191C36}.Debug|Any CPU.ActiveCfg = Debug|Any CPU
		{EE4A708B-24CE-4442-9E60-E51004191C36}.Debug|Any CPU.Build.0 = Debug|Any CPU
		{EE4A708B-24CE-4442-9E60-E51004191C36}.Release|Any CPU.ActiveCfg = Release|Any CPU
		{EE4A708B-24CE-4442-9E60-E51004191C36}.Release|Any CPU.Build.0 = Release|Any CPU
		{C42FDC10-84F8-4660-B759-1DA6777F3BBA}.Debug|Any CPU.ActiveCfg = Debug|Any CPU
		{C42FDC10-84F8-4660-B759-1DA6777F3BBA}.Debug|Any CPU.Build.0 = Debug|Any CPU
		{C42FDC10-84F8-4660-B759-1DA6777F3BBA}.Release|Any CPU.ActiveCfg = Release|Any CPU
		{C42FDC10-84F8-4660-B759-1DA6777F3BBA}.Release|Any CPU.Build.0 = Release|Any CPU
	EndGlobalSection
	GlobalSection(SolutionProperties) = preSolution
		HideSolutionNode = FALSE
	EndGlobalSection
	GlobalSection(NestedProjects) = preSolution
		{3739BD7C-9450-49C8-996E-BDC4FA8EEFA6} = {B88AA9B9-2140-40D8-80B3-CFDFC7093564}
		{92945016-2B86-4962-BCF4-BAA003A575E5} = {B88AA9B9-2140-40D8-80B3-CFDFC7093564}
		{CCD5DF6D-ACF5-4ECF-A996-189046E57CB7} = {B88AA9B9-2140-40D8-80B3-CFDFC7093564}
		{007DEFB0-532C-4B7A-9367-DE9D481B4141} = {CCD5DF6D-ACF5-4ECF-A996-189046E57CB7}
		{95AE0AC1-2C10-4704-996B-2D0353A09627} = {CCD5DF6D-ACF5-4ECF-A996-189046E57CB7}
		{4BA45AD1-2EF1-4FF4-889E-04D01ECB3211} = {92945016-2B86-4962-BCF4-BAA003A575E5}
		{48AEA30E-EB85-495F-8A58-667CCE62DC19} = {92945016-2B86-4962-BCF4-BAA003A575E5}
		{5DAE098A-C497-4BD0-B136-6F908B02AD13} = {92945016-2B86-4962-BCF4-BAA003A575E5}
		{B304323D-00BB-4597-9A75-DF9E30CDC9B0} = {92945016-2B86-4962-BCF4-BAA003A575E5}
		{750CFEC1-27A2-4FEA-8BE4-5643E504D31B} = {92945016-2B86-4962-BCF4-BAA003A575E5}
		{72D4344D-8B99-4DD2-A12D-2ACCD6343901} = {3739BD7C-9450-49C8-996E-BDC4FA8EEFA6}
		{A073047D-3BED-4C9E-A831-2D4442DE5F25} = {3739BD7C-9450-49C8-996E-BDC4FA8EEFA6}
		{22037AAA-DFCC-409D-95BC-D2EE3696E5FB} = {A073047D-3BED-4C9E-A831-2D4442DE5F25}
		{1BEC3DC2-EF93-460D-AAEE-D7D6B353BA38} = {72D4344D-8B99-4DD2-A12D-2ACCD6343901}
		{6E681B0F-DA8D-45E3-975C-07E69F57D92E} = {B9594036-DF8E-456D-A7AB-5324CA8A08CB}
		{40FC68A2-4E07-46FE-AB90-71B2107D7AA0} = {6E681B0F-DA8D-45E3-975C-07E69F57D92E}
		{78F4F219-6029-4448-9ADB-7948EC83CF9B} = {6E681B0F-DA8D-45E3-975C-07E69F57D92E}
		{2A3A26E1-3EF5-403C-9D9E-DF944CF6EB95} = {78F4F219-6029-4448-9ADB-7948EC83CF9B}
		{59961161-035A-4B9B-A6D6-D37140A350E7} = {2A3A26E1-3EF5-403C-9D9E-DF944CF6EB95}
		{318E9365-EF02-4CA7-B81A-347F11DDFABD} = {40FC68A2-4E07-46FE-AB90-71B2107D7AA0}
		{35DB88A0-7DDD-4D80-82F8-C77E7FCEEF8C} = {40FC68A2-4E07-46FE-AB90-71B2107D7AA0}
		{C8A3F343-E3DD-46C1-AC6A-FA24B362189D} = {78F4F219-6029-4448-9ADB-7948EC83CF9B}
		{662F7C23-C621-4CFE-BAE3-9D5C10BF7A47} = {C8A3F343-E3DD-46C1-AC6A-FA24B362189D}
		{B88AA9B9-2140-40D8-80B3-CFDFC7093564} = {B9594036-DF8E-456D-A7AB-5324CA8A08CB}
		{EE4A708B-24CE-4442-9E60-E51004191C36} = {40FC68A2-4E07-46FE-AB90-71B2107D7AA0}
		{C42FDC10-84F8-4660-B759-1DA6777F3BBA} = {CCD5DF6D-ACF5-4ECF-A996-189046E57CB7}
	EndGlobalSection
	GlobalSection(ExtensibilityGlobals) = postSolution
		SolutionGuid = {1D125B84-3E24-4FCF-953F-5FACF3122E02}
	EndGlobalSection
EndGlobal
